<?xml version="1.0" encoding="utf-8"?>
<Project ToolsVersion="4.0" xmlns="http://schemas.microsoft.com/developer/msbuild/2003">
  <ItemGroup>
    <Filter Include="Source Files">
      <UniqueIdentifier>{4FC737F1-C7A5-4376-A066-2A32D752A2FF}</UniqueIdentifier>
      <Extensions>cpp;c;cc;cxx;def;odl;idl;hpj;bat;asm;asmx</Extensions>
    </Filter>
    <Filter Include="Header Files">
      <UniqueIdentifier>{93995380-89BD-4b04-88EB-625FBE52EBFB}</UniqueIdentifier>
      <Extensions>h;hh;hpp;hxx;hm;inl;inc;xsd</Extensions>
    </Filter>
    <Filter Include="Resource Files">
      <UniqueIdentifier>{67DA6AB6-F800-4c08-8B7A-83BB121AAD01}</UniqueIdentifier>
      <Extensions>rc;ico;cur;bmp;dlg;rc2;rct;bin;rgs;gif;jpg;jpeg;jpe;resx;tiff;tif;png;wav;mfcribbon-ms</Extensions>
    </Filter>
    <Filter Include="Header Files\types">
      <UniqueIdentifier>{b4636b95-fdb3-4723-a77f-9e924880d881}</UniqueIdentifier>
    </Filter>
    <Filter Include="Header Files\event">
      <UniqueIdentifier>{e4c5ae38-e3b5-483a-9bd2-c69e7e3c2b6d}</UniqueIdentifier>
    </Filter>
    <Filter Include="Source Files\event">
      <UniqueIdentifier>{68273eca-b0df-4901-88c7-fa99defb106d}</UniqueIdentifier>
    </Filter>
    <Filter Include="Header Files\fsm">
      <UniqueIdentifier>{14428948-3cfa-414e-a69b-76b64df0bcc5}</UniqueIdentifier>
    </Filter>
    <Filter Include="Source Files\fsm">
      <UniqueIdentifier>{a56fecb5-d6cc-4ed8-ae4e-a69d081c54d7}</UniqueIdentifier>
    </Filter>
    <Filter Include="Header Files\tree">
      <UniqueIdentifier>{1dd01c5e-d3ed-47cf-9fb1-d33ed7e472bb}</UniqueIdentifier>
    </Filter>
    <Filter Include="Source Files\tree">
      <UniqueIdentifier>{d7ece34e-9e5b-4159-8f73-cfd759041741}</UniqueIdentifier>
    </Filter>
  </ItemGroup>
  <ItemGroup>
    <ClInclude Include="..\src\event\events.h">
      <Filter>Header Files\event</Filter>
    </ClInclude>
    <ClInclude Include="..\src\event\listener.h">
      <Filter>Header Files\event</Filter>
    </ClInclude>
    <ClInclude Include="..\src\event\manager.h">
      <Filter>Header Files\event</Filter>
    </ClInclude>
    <ClInclude Include="..\src\event\qevent.h">
      <Filter>Header Files\event</Filter>
    </ClInclude>
    <ClInclude Include="..\src\event\queue.h">
      <Filter>Header Files\event</Filter>
    </ClInclude>
    <ClInclude Include="..\src\types\any.hpp">
      <Filter>Header Files\types</Filter>
    </ClInclude>
    <ClInclude Include="..\src\fsm\fevent.h">
      <Filter>Header Files\fsm</Filter>
    </ClInclude>
    <ClInclude Include="..\src\fsm\transition.h">
      <Filter>Header Files\fsm</Filter>
    </ClInclude>
    <ClInclude Include="..\src\fsm\fsm.h">
      <Filter>Header Files\fsm</Filter>
    </ClInclude>
    <ClInclude Include="..\src\fsm\mashine.h">
      <Filter>Header Files\fsm</Filter>
    </ClInclude>
    <ClInclude Include="..\src\tree\btree.h">
      <Filter>Header Files\tree</Filter>
    </ClInclude>
  </ItemGroup>
  <ItemGroup>
    <ClCompile Include="..\src\event\listener.cpp">
      <Filter>Source Files\event</Filter>
    </ClCompile>
    <ClCompile Include="..\src\event\manager.cpp">
      <Filter>Source Files\event</Filter>
    </ClCompile>
    <ClCompile Include="..\src\event\qevent.cpp">
      <Filter>Source Files\event</Filter>
    </ClCompile>
    <ClCompile Include="..\src\event\queue.cpp">
      <Filter>Source Files\event</Filter>
    </ClCompile>
    <ClCompile Include="..\src\fsm\fevent.cpp">
      <Filter>Source Files\fsm</Filter>
    </ClCompile>
    <ClCompile Include="..\src\fsm\mashine.cpp">
      <Filter>Source Files\fsm</Filter>
    </ClCompile>
    <ClCompile Include="..\src\tree\btree.cpp">
      <Filter>Source Files\tree</Filter>
    </ClCompile>
  </ItemGroup>
</Project>